<?xml version="1.0" encoding="utf-8"?>
<Project ToolsVersion="4.0" xmlns="http://schemas.microsoft.com/developer/msbuild/2003">
  <ItemGroup>
    <Filter Include="Source Files">
      <UniqueIdentifier>{4FC737F1-C7A5-4376-A066-2A32D752A2FF}</UniqueIdentifier>
      <Extensions>cpp;c;cc;cxx;c++;cppm;ixx;def;odl;idl;hpj;bat;asm;asmx</Extensions>
    </Filter>
    <Filter Include="Header Files">
      <UniqueIdentifier>{93995380-89BD-4b04-88EB-625FBE52EBFB}</UniqueIdentifier>
      <Extensions>h;hh;hpp;hxx;h++;hm;inl;inc;ipp;xsd</Extensions>
    </Filter>
    <Filter Include="Resource Files">
      <UniqueIdentifier>{67DA6AB6-F800-4c08-8B7A-83BB121AAD01}</UniqueIdentifier>
      <Extensions>rc;ico;cur;bmp;dlg;rc2;rct;bin;rgs;gif;jpg;jpeg;jpe;resx;tiff;tif;png;wav;mfcribbon-ms</Extensions>
    </Filter>
    <Filter Include="Source Files\ImGui">
      <UniqueIdentifier>{76d81d06-460c-4c84-8c9f-ac75e1a4fca4}</UniqueIdentifier>
    </Filter>
    <Filter Include="Source Files\ImGui-SFML">
      <UniqueIdentifier>{c22d967f-5094-4af2-9c36-fc69ba172877}</UniqueIdentifier>
    </Filter>
    <Filter Include="Header Files\ImGui-SFML">
      <UniqueIdentifier>{bdf4e6f8-7df5-4c39-94b8-854693d72053}</UniqueIdentifier>
    </Filter>
    <Filter Include="Header Files\ImGui">
      <UniqueIdentifier>{a54650c3-05f8-4773-b6bc-5d9e18a0c55f}</UniqueIdentifier>
    </Filter>
    <Filter Include="Source Files\User Interface">
      <UniqueIdentifier>{b84a2611-28ea-44e3-bfea-f30f1e7255f8}</UniqueIdentifier>
    </Filter>
    <Filter Include="Source Files\Maze Elements">
      <UniqueIdentifier>{fb383599-98d1-4b74-ab95-dbf7a10a600d}</UniqueIdentifier>
    </Filter>
    <Filter Include="Source Files\Maze Elements\Rendering">
      <UniqueIdentifier>{1aa82ffb-117a-48f6-b062-940fe3526234}</UniqueIdentifier>
    </Filter>
    <Filter Include="Source Files\Maze Elements\Generation">
      <UniqueIdentifier>{5cea3f1b-2791-40c7-9da9-584989bcbeb9}</UniqueIdentifier>
    </Filter>
    <Filter Include="Header Files\Maze Elements">
      <UniqueIdentifier>{1f03ca48-669a-4dc3-825c-3a859b086f1e}</UniqueIdentifier>
    </Filter>
    <Filter Include="Header Files\User Interface">
      <UniqueIdentifier>{3832985d-b078-46d1-8787-1a7705ed8557}</UniqueIdentifier>
    </Filter>
    <Filter Include="Header Files\Maze Elements\Generation">
      <UniqueIdentifier>{22cb0579-8bed-4bcc-94cf-19e259ccd632}</UniqueIdentifier>
    </Filter>
    <Filter Include="Header Files\Maze Elements\Rendering">
      <UniqueIdentifier>{d8066c42-6796-4206-80e6-9353b9addf94}</UniqueIdentifier>
    </Filter>
  </ItemGroup>
  <ItemGroup>
    <ClCompile Include="Main.cpp">
      <Filter>Source Files</Filter>
    </ClCompile>
    <ClCompile Include="..\lib\ImGui-SFML\imgui-SFML.cpp">
      <Filter>Source Files\ImGui-SFML</Filter>
    </ClCompile>
    <ClCompile Include="..\lib\ImGui\imgui.cpp">
      <Filter>Source Files\ImGui</Filter>
    </ClCompile>
    <ClCompile Include="..\lib\ImGui\imgui_draw.cpp">
      <Filter>Source Files\ImGui</Filter>
    </ClCompile>
    <ClCompile Include="..\lib\ImGui\imgui_tables.cpp">
      <Filter>Source Files\ImGui</Filter>
    </ClCompile>
    <ClCompile Include="..\lib\ImGui\imgui_widgets.cpp">
      <Filter>Source Files\ImGui</Filter>
    </ClCompile>
    <ClCompile Include="MazeHandler.cpp">
      <Filter>Source Files\Maze Elements</Filter>
    </ClCompile>
    <ClCompile Include="MazeMap.cpp">
      <Filter>Source Files\Maze Elements</Filter>
    </ClCompile>
    <ClCompile Include="MazeNode.cpp">
      <Filter>Source Files\Maze Elements</Filter>
    </ClCompile>
    <ClCompile Include="MazeRenderer.cpp">
      <Filter>Source Files\Maze Elements\Rendering</Filter>
    </ClCompile>
    <ClCompile Include="MazeGenerator.cpp">
      <Filter>Source Files\Maze Elements\Generation</Filter>
    </ClCompile>
    <ClCompile Include="GuiHandler.cpp">
      <Filter>Source Files\User Interface</Filter>
    </ClCompile>
    <ClCompile Include="IObservable.cpp">
      <Filter>Source Files\User Interface</Filter>
    </ClCompile>
    <ClCompile Include="IObserver.cpp">
      <Filter>Source Files\User Interface</Filter>
    </ClCompile>
  </ItemGroup>
  <ItemGroup>
    <ClInclude Include="..\lib\ImGui\imconfig.h">
      <Filter>Header Files\ImGui</Filter>
    </ClInclude>
    <ClInclude Include="..\lib\ImGui-SFML\imconfig-SFML.h">
      <Filter>Header Files\ImGui-SFML</Filter>
    </ClInclude>
    <ClInclude Include="..\lib\ImGui-SFML\imgui-SFML.h">
      <Filter>Header Files\ImGui-SFML</Filter>
    </ClInclude>
    <ClInclude Include="..\lib\ImGui-SFML\imgui-SFML_export.h">
      <Filter>Header Files\ImGui-SFML</Filter>
    </ClInclude>
    <ClInclude Include="..\lib\ImGui\imgui.h">
      <Filter>Header Files\ImGui</Filter>
    </ClInclude>
    <ClInclude Include="GuiHandler.h">
      <Filter>Header Files\User Interface</Filter>
    </ClInclude>
    <ClInclude Include="MazeGenerator.h">
      <Filter>Header Files\Maze Elements\Generation</Filter>
    </ClInclude>
    <ClInclude Include="MazeHandler.h">
      <Filter>Header Files\Maze Elements</Filter>
    </ClInclude>
    <ClInclude Include="MazeMap.h">
      <Filter>Header Files\Maze Elements</Filter>
    </ClInclude>
    <ClInclude Include="MazeNode.h">
      <Filter>Header Files\Maze Elements</Filter>
    </ClInclude>
    <ClInclude Include="MazeRenderer.h">
      <Filter>Header Files\Maze Elements\Rendering</Filter>
    </ClInclude>
    <ClInclude Include="IObservable.h">
      <Filter>Header Files\User Interface</Filter>
    </ClInclude>
    <ClInclude Include="IObserver.h">
      <Filter>Header Files\User Interface</Filter>
    </ClInclude>
  </ItemGroup>
</Project>